Microsoft Visual Studio Solution File, Format Version 12.00
# Visual Studio Version 16
VisualStudioVersion = 16.0.30503.244
MinimumVisualStudioVersion = 10.0.40219.1
Project("{9A19103F-16F7-4668-BE54-9A1E7A4F7556}") = "Firstbot", "Firstbot\Firstbot.csproj", "{9C307669-08DB-4720-AD7C-D2A3A3A92336}"
EndProject
Project("{FAE04EC0-301F-11D3-BF4B-00C04F79EFBC}") = "MultiplyCustomAction", "MultiplyCustomAction\MultiplyCustomAction.csproj", "{AC164254-5982-469C-9993-3B6092A27AE3}"
EndProject
Global
	GlobalSection(SolutionConfigurationPlatforms) = preSolution
		Debug|Any CPU = Debug|Any CPU
		Release|Any CPU = Release|Any CPU
	EndGlobalSection
	GlobalSection(ProjectConfigurationPlatforms) = postSolution
		{9C307669-08DB-4720-AD7C-D2A3A3A92336}.Debug|Any CPU.ActiveCfg = Debug|Any CPU
		{9C307669-08DB-4720-AD7C-D2A3A3A92336}.Debug|Any CPU.Build.0 = Debug|Any CPU
		{9C307669-08DB-4720-AD7C-D2A3A3A92336}.Release|Any CPU.ActiveCfg = Release|Any CPU
		{9C307669-08DB-4720-AD7C-D2A3A3A92336}.Release|Any CPU.Build.0 = Release|Any CPU
		{AC164254-5982-469C-9993-3B6092A27AE3}.Debug|Any CPU.ActiveCfg = Debug|Any CPU
		{AC164254-5982-469C-9993-3B6092A27AE3}.Debug|Any CPU.Build.0 = Debug|Any CPU
		{AC164254-5982-469C-9993-3B6092A27AE3}.Release|Any CPU.ActiveCfg = Release|Any CPU
		{AC164254-5982-469C-9993-3B6092A27AE3}.Release|Any CPU.Build.0 = Release|Any CPU
	EndGlobalSection
	GlobalSection(SolutionProperties) = preSolution
		HideSolutionNode = FALSE
	EndGlobalSection
	GlobalSection(ExtensibilityGlobals) = postSolution
		SolutionGuid = {00371BA9-E772-4766-BE78-740B4E606F75}
	EndGlobalSection
EndGlobal
